
Microsoft Visual Studio Solution File, Format Version 12.00
# Visual Studio 15
VisualStudioVersion = 15.0.27703.2042
MinimumVisualStudioVersion = 10.0.40219.1
Project("{FAE04EC0-301F-11D3-BF4B-00C04F79EFBC}") = "linkclump-parser", "linkclump-parser\linkclump-parser.csproj", "{7619398A-014F-47CC-957A-FD70805F70D2}"
EndProject
Global
	GlobalSection(SolutionConfigurationPlatforms) = preSolution
		Debug|Any CPU = Debug|Any CPU
		Release|Any CPU = Release|Any CPU
	EndGlobalSection
	GlobalSection(ProjectConfigurationPlatforms) = postSolution
		{7619398A-014F-47CC-957A-FD70805F70D2}.Debug|Any CPU.ActiveCfg = Debug|Any CPU
		{7619398A-014F-47CC-957A-FD70805F70D2}.Debug|Any CPU.Build.0 = Debug|Any CPU
		{7619398A-014F-47CC-957A-FD70805F70D2}.Release|Any CPU.ActiveCfg = Release|Any CPU
		{7619398A-014F-47CC-957A-FD70805F70D2}.Release|Any CPU.Build.0 = Release|Any CPU
	EndGlobalSection
	GlobalSection(SolutionProperties) = preSolution
		HideSolutionNode = FALSE
	EndGlobalSection
	GlobalSection(ExtensibilityGlobals) = postSolution
		SolutionGuid = {6802B763-C150-4669-B073-DD235F78A0C4}
	EndGlobalSection
EndGlobal
